
Microsoft Visual Studio Solution File, Format Version 12.00
# Visual Studio Version 17
VisualStudioVersion = 17.2.32630.192
MinimumVisualStudioVersion = 10.0.40219.1
Project("{FAE04EC0-301F-11D3-BF4B-00C04F79EFBC}") = "Magical Mishap", "Magical Mishap\Magical Mishap.csproj", "{4C1AF770-C1CE-4883-B80B-AAF26C326C04}"
EndProject
Global
	GlobalSection(SolutionConfigurationPlatforms) = preSolution
		Debug|Any CPU = Debug|Any CPU
		Release|Any CPU = Release|Any CPU
	EndGlobalSection
	GlobalSection(ProjectConfigurationPlatforms) = postSolution
		{4C1AF770-C1CE-4883-B80B-AAF26C326C04}.Debug|Any CPU.ActiveCfg = Debug|Any CPU
		{4C1AF770-C1CE-4883-B80B-AAF26C326C04}.Debug|Any CPU.Build.0 = Debug|Any CPU
		{4C1AF770-C1CE-4883-B80B-AAF26C326C04}.Release|Any CPU.ActiveCfg = Release|Any CPU
		{4C1AF770-C1CE-4883-B80B-AAF26C326C04}.Release|Any CPU.Build.0 = Release|Any CPU
	EndGlobalSection
	GlobalSection(SolutionProperties) = preSolution
		HideSolutionNode = FALSE
	EndGlobalSection
	GlobalSection(ExtensibilityGlobals) = postSolution
		SolutionGuid = {9EB933C9-D0E0-4B7F-8EE5-6BC19D020CBB}
	EndGlobalSection
EndGlobal
