
Microsoft Visual Studio Solution File, Format Version 12.00
# Visual Studio Version 17
VisualStudioVersion = 17.2.32519.379
MinimumVisualStudioVersion = 10.0.40219.1
Project("{FAE04EC0-301F-11D3-BF4B-00C04F79EFBC}") = "Prototype - Movement + Bouncing Ball contact", "Prototype - Movement + Bouncing Ball contact\Prototype - Movement + Bouncing Ball contact.csproj", "{D4456AD3-5200-4E75-B20B-5CEFEE53F8E0}"
EndProject
Global
	GlobalSection(SolutionConfigurationPlatforms) = preSolution
		Debug|Any CPU = Debug|Any CPU
		Release|Any CPU = Release|Any CPU
	EndGlobalSection
	GlobalSection(ProjectConfigurationPlatforms) = postSolution
		{D4456AD3-5200-4E75-B20B-5CEFEE53F8E0}.Debug|Any CPU.ActiveCfg = Debug|Any CPU
		{D4456AD3-5200-4E75-B20B-5CEFEE53F8E0}.Debug|Any CPU.Build.0 = Debug|Any CPU
		{D4456AD3-5200-4E75-B20B-5CEFEE53F8E0}.Release|Any CPU.ActiveCfg = Release|Any CPU
		{D4456AD3-5200-4E75-B20B-5CEFEE53F8E0}.Release|Any CPU.Build.0 = Release|Any CPU
	EndGlobalSection
	GlobalSection(SolutionProperties) = preSolution
		HideSolutionNode = FALSE
	EndGlobalSection
	GlobalSection(ExtensibilityGlobals) = postSolution
		SolutionGuid = {F87056D1-9253-4D00-8E93-F770F098CF0A}
	EndGlobalSection
EndGlobal
